
Microsoft Visual Studio Solution File, Format Version 12.00
# Visual Studio Version 17
VisualStudioVersion = 17.11.35222.181
MinimumVisualStudioVersion = 10.0.40219.1
Project("{8BC9CEB8-8B4A-11D0-8D11-00A0C91BC942}") = "dz16", "dz16.vcxproj", "{699BCB54-8F9E-4FFA-B321-D02D07DB3BA4}"
EndProject
Global
	GlobalSection(SolutionConfigurationPlatforms) = preSolution
		Debug|x64 = Debug|x64
		Debug|x86 = Debug|x86
		Release|x64 = Release|x64
		Release|x86 = Release|x86
	EndGlobalSection
	GlobalSection(ProjectConfigurationPlatforms) = postSolution
		{699BCB54-8F9E-4FFA-B321-D02D07DB3BA4}.Debug|x64.ActiveCfg = Debug|x64
		{699BCB54-8F9E-4FFA-B321-D02D07DB3BA4}.Debug|x64.Build.0 = Debug|x64
		{699BCB54-8F9E-4FFA-B321-D02D07DB3BA4}.Debug|x86.ActiveCfg = Debug|Win32
		{699BCB54-8F9E-4FFA-B321-D02D07DB3BA4}.Debug|x86.Build.0 = Debug|Win32
		{699BCB54-8F9E-4FFA-B321-D02D07DB3BA4}.Release|x64.ActiveCfg = Release|x64
		{699BCB54-8F9E-4FFA-B321-D02D07DB3BA4}.Release|x64.Build.0 = Release|x64
		{699BCB54-8F9E-4FFA-B321-D02D07DB3BA4}.Release|x86.ActiveCfg = Release|Win32
		{699BCB54-8F9E-4FFA-B321-D02D07DB3BA4}.Release|x86.Build.0 = Release|Win32
	EndGlobalSection
	GlobalSection(SolutionProperties) = preSolution
		HideSolutionNode = FALSE
	EndGlobalSection
	GlobalSection(ExtensibilityGlobals) = postSolution
		SolutionGuid = {59E845CC-F107-4957-886F-98299B6F62B0}
	EndGlobalSection
EndGlobal
